
Microsoft Visual Studio Solution File, Format Version 12.00
# Visual Studio Version 16
VisualStudioVersion = 16.0.31424.327
MinimumVisualStudioVersion = 10.0.40219.1
Project("{FAE04EC0-301F-11D3-BF4B-00C04F79EFBC}") = "SimpleFactory", "SimpleFactory\SimpleFactory.csproj", "{27EF063D-F44B-4968-A942-18FB3294BB38}"
EndProject
Project("{FAE04EC0-301F-11D3-BF4B-00C04F79EFBC}") = "FactoryMethod", "FactoryMethod\FactoryMethod.csproj", "{F8E8C238-719B-4171-9A38-E6F2FF571522}"
EndProject
Project("{FAE04EC0-301F-11D3-BF4B-00C04F79EFBC}") = "AbstractFactory", "C:\Users\wuxiaole\source\repos\Testing\Testing\AbstractFactory.csproj", "{695BA5F2-523C-4861-B17D-007022A31354}"
EndProject
Project("{FAE04EC0-301F-11D3-BF4B-00C04F79EFBC}") = "Strategy", "Strategy\Strategy.csproj", "{1C5DB355-2E91-4907-981B-C20B64BB2464}"
EndProject
Project("{FAE04EC0-301F-11D3-BF4B-00C04F79EFBC}") = "Decoration", "Decoration\Decoration.csproj", "{39226D0C-ED02-44DE-AA9D-5CD28780CB68}"
EndProject
Project("{FAE04EC0-301F-11D3-BF4B-00C04F79EFBC}") = "Proxy", "Proxy\Proxy.csproj", "{76762793-AE04-44AD-B6A6-F58552E5893E}"
EndProject
Project("{FAE04EC0-301F-11D3-BF4B-00C04F79EFBC}") = "Prototype", "Prototype\Prototype.csproj", "{65596441-A05A-4EBF-A19F-D9A1D86A9835}"
EndProject
Project("{FAE04EC0-301F-11D3-BF4B-00C04F79EFBC}") = "TemplateMethod", "TemplateMethod\TemplateMethod.csproj", "{2AA1B292-9240-4FCB-B4FC-4B5644E865B0}"
EndProject
Project("{FAE04EC0-301F-11D3-BF4B-00C04F79EFBC}") = "Appearance", "Appearance\Appearance.csproj", "{8916CE9A-1830-4C84-9C27-BA8171172575}"
EndProject
Project("{FAE04EC0-301F-11D3-BF4B-00C04F79EFBC}") = "Builder", "Builder\Builder.csproj", "{E62720E5-94F1-4856-8A83-91E6FBDCBB75}"
EndProject
Project("{FAE04EC0-301F-11D3-BF4B-00C04F79EFBC}") = "Observer", "Observer\Observer.csproj", "{F0606772-3D8D-486E-BE1B-3C7AED1528CB}"
EndProject
Project("{FAE04EC0-301F-11D3-BF4B-00C04F79EFBC}") = "Adapter", "Adapter\Adapter.csproj", "{DE74C828-6672-4CA4-9DB2-6B365E66699D}"
EndProject
Global
	GlobalSection(SolutionConfigurationPlatforms) = preSolution
		Debug|Any CPU = Debug|Any CPU
		Release|Any CPU = Release|Any CPU
	EndGlobalSection
	GlobalSection(ProjectConfigurationPlatforms) = postSolution
		{27EF063D-F44B-4968-A942-18FB3294BB38}.Debug|Any CPU.ActiveCfg = Debug|Any CPU
		{27EF063D-F44B-4968-A942-18FB3294BB38}.Debug|Any CPU.Build.0 = Debug|Any CPU
		{27EF063D-F44B-4968-A942-18FB3294BB38}.Release|Any CPU.ActiveCfg = Release|Any CPU
		{27EF063D-F44B-4968-A942-18FB3294BB38}.Release|Any CPU.Build.0 = Release|Any CPU
		{F8E8C238-719B-4171-9A38-E6F2FF571522}.Debug|Any CPU.ActiveCfg = Debug|Any CPU
		{F8E8C238-719B-4171-9A38-E6F2FF571522}.Debug|Any CPU.Build.0 = Debug|Any CPU
		{F8E8C238-719B-4171-9A38-E6F2FF571522}.Release|Any CPU.ActiveCfg = Release|Any CPU
		{F8E8C238-719B-4171-9A38-E6F2FF571522}.Release|Any CPU.Build.0 = Release|Any CPU
		{695BA5F2-523C-4861-B17D-007022A31354}.Debug|Any CPU.ActiveCfg = Debug|Any CPU
		{695BA5F2-523C-4861-B17D-007022A31354}.Debug|Any CPU.Build.0 = Debug|Any CPU
		{695BA5F2-523C-4861-B17D-007022A31354}.Release|Any CPU.ActiveCfg = Release|Any CPU
		{695BA5F2-523C-4861-B17D-007022A31354}.Release|Any CPU.Build.0 = Release|Any CPU
		{1C5DB355-2E91-4907-981B-C20B64BB2464}.Debug|Any CPU.ActiveCfg = Debug|Any CPU
		{1C5DB355-2E91-4907-981B-C20B64BB2464}.Debug|Any CPU.Build.0 = Debug|Any CPU
		{1C5DB355-2E91-4907-981B-C20B64BB2464}.Release|Any CPU.ActiveCfg = Release|Any CPU
		{1C5DB355-2E91-4907-981B-C20B64BB2464}.Release|Any CPU.Build.0 = Release|Any CPU
		{39226D0C-ED02-44DE-AA9D-5CD28780CB68}.Debug|Any CPU.ActiveCfg = Debug|Any CPU
		{39226D0C-ED02-44DE-AA9D-5CD28780CB68}.Debug|Any CPU.Build.0 = Debug|Any CPU
		{39226D0C-ED02-44DE-AA9D-5CD28780CB68}.Release|Any CPU.ActiveCfg = Release|Any CPU
		{39226D0C-ED02-44DE-AA9D-5CD28780CB68}.Release|Any CPU.Build.0 = Release|Any CPU
		{76762793-AE04-44AD-B6A6-F58552E5893E}.Debug|Any CPU.ActiveCfg = Debug|Any CPU
		{76762793-AE04-44AD-B6A6-F58552E5893E}.Debug|Any CPU.Build.0 = Debug|Any CPU
		{76762793-AE04-44AD-B6A6-F58552E5893E}.Release|Any CPU.ActiveCfg = Release|Any CPU
		{76762793-AE04-44AD-B6A6-F58552E5893E}.Release|Any CPU.Build.0 = Release|Any CPU
		{65596441-A05A-4EBF-A19F-D9A1D86A9835}.Debug|Any CPU.ActiveCfg = Debug|Any CPU
		{65596441-A05A-4EBF-A19F-D9A1D86A9835}.Debug|Any CPU.Build.0 = Debug|Any CPU
		{65596441-A05A-4EBF-A19F-D9A1D86A9835}.Release|Any CPU.ActiveCfg = Release|Any CPU
		{65596441-A05A-4EBF-A19F-D9A1D86A9835}.Release|Any CPU.Build.0 = Release|Any CPU
		{2AA1B292-9240-4FCB-B4FC-4B5644E865B0}.Debug|Any CPU.ActiveCfg = Debug|Any CPU
		{2AA1B292-9240-4FCB-B4FC-4B5644E865B0}.Debug|Any CPU.Build.0 = Debug|Any CPU
		{2AA1B292-9240-4FCB-B4FC-4B5644E865B0}.Release|Any CPU.ActiveCfg = Release|Any CPU
		{2AA1B292-9240-4FCB-B4FC-4B5644E865B0}.Release|Any CPU.Build.0 = Release|Any CPU
		{8916CE9A-1830-4C84-9C27-BA8171172575}.Debug|Any CPU.ActiveCfg = Debug|Any CPU
		{8916CE9A-1830-4C84-9C27-BA8171172575}.Debug|Any CPU.Build.0 = Debug|Any CPU
		{8916CE9A-1830-4C84-9C27-BA8171172575}.Release|Any CPU.ActiveCfg = Release|Any CPU
		{8916CE9A-1830-4C84-9C27-BA8171172575}.Release|Any CPU.Build.0 = Release|Any CPU
		{E62720E5-94F1-4856-8A83-91E6FBDCBB75}.Debug|Any CPU.ActiveCfg = Debug|Any CPU
		{E62720E5-94F1-4856-8A83-91E6FBDCBB75}.Debug|Any CPU.Build.0 = Debug|Any CPU
		{E62720E5-94F1-4856-8A83-91E6FBDCBB75}.Release|Any CPU.ActiveCfg = Release|Any CPU
		{E62720E5-94F1-4856-8A83-91E6FBDCBB75}.Release|Any CPU.Build.0 = Release|Any CPU
		{F0606772-3D8D-486E-BE1B-3C7AED1528CB}.Debug|Any CPU.ActiveCfg = Debug|Any CPU
		{F0606772-3D8D-486E-BE1B-3C7AED1528CB}.Debug|Any CPU.Build.0 = Debug|Any CPU
		{F0606772-3D8D-486E-BE1B-3C7AED1528CB}.Release|Any CPU.ActiveCfg = Release|Any CPU
		{F0606772-3D8D-486E-BE1B-3C7AED1528CB}.Release|Any CPU.Build.0 = Release|Any CPU
		{DE74C828-6672-4CA4-9DB2-6B365E66699D}.Debug|Any CPU.ActiveCfg = Debug|Any CPU
		{DE74C828-6672-4CA4-9DB2-6B365E66699D}.Debug|Any CPU.Build.0 = Debug|Any CPU
		{DE74C828-6672-4CA4-9DB2-6B365E66699D}.Release|Any CPU.ActiveCfg = Release|Any CPU
		{DE74C828-6672-4CA4-9DB2-6B365E66699D}.Release|Any CPU.Build.0 = Release|Any CPU
	EndGlobalSection
	GlobalSection(SolutionProperties) = preSolution
		HideSolutionNode = FALSE
	EndGlobalSection
	GlobalSection(ExtensibilityGlobals) = postSolution
		SolutionGuid = {14460684-1C51-4E43-9D1D-9E72179F5BAF}
	EndGlobalSection
EndGlobal
